
Microsoft Visual Studio Solution File, Format Version 12.00
# Visual Studio for Mac
Project("{FAE04EC0-301F-11D3-BF4B-00C04F79EFBC}") = "Assembly-CSharp", "Assembly-CSharp.csproj", "{2115F46E-A378-FE8A-1331-36F4F7110906}"
EndProject
Project("{FAE04EC0-301F-11D3-BF4B-00C04F79EFBC}") = "Assembly-CSharp-firstpass", "Assembly-CSharp-firstpass.csproj", "{AE78ED80-D1C1-DAE9-BDFA-3BB63798E05E}"
EndProject
Project("{FAE04EC0-301F-11D3-BF4B-00C04F79EFBC}") = "Assembly-CSharp-Editor-firstpass", "Assembly-CSharp-Editor-firstpass.csproj", "{5FA6CB66-4C2C-9FDE-E5B1-6AA1D81A383D}"
EndProject
Global
	GlobalSection(SolutionConfigurationPlatforms) = preSolution
		Debug|Any CPU = Debug|Any CPU
		Release|Any CPU = Release|Any CPU
	EndGlobalSection
	GlobalSection(ProjectConfigurationPlatforms) = postSolution
		{2115F46E-A378-FE8A-1331-36F4F7110906}.Debug|Any CPU.ActiveCfg = Debug|Any CPU
		{2115F46E-A378-FE8A-1331-36F4F7110906}.Debug|Any CPU.Build.0 = Debug|Any CPU
		{2115F46E-A378-FE8A-1331-36F4F7110906}.Release|Any CPU.ActiveCfg = Release|Any CPU
		{2115F46E-A378-FE8A-1331-36F4F7110906}.Release|Any CPU.Build.0 = Release|Any CPU
		{AE78ED80-D1C1-DAE9-BDFA-3BB63798E05E}.Debug|Any CPU.ActiveCfg = Debug|Any CPU
		{AE78ED80-D1C1-DAE9-BDFA-3BB63798E05E}.Debug|Any CPU.Build.0 = Debug|Any CPU
		{AE78ED80-D1C1-DAE9-BDFA-3BB63798E05E}.Release|Any CPU.ActiveCfg = Release|Any CPU
		{AE78ED80-D1C1-DAE9-BDFA-3BB63798E05E}.Release|Any CPU.Build.0 = Release|Any CPU
		{5FA6CB66-4C2C-9FDE-E5B1-6AA1D81A383D}.Debug|Any CPU.ActiveCfg = Debug|Any CPU
		{5FA6CB66-4C2C-9FDE-E5B1-6AA1D81A383D}.Debug|Any CPU.Build.0 = Debug|Any CPU
		{5FA6CB66-4C2C-9FDE-E5B1-6AA1D81A383D}.Release|Any CPU.ActiveCfg = Release|Any CPU
		{5FA6CB66-4C2C-9FDE-E5B1-6AA1D81A383D}.Release|Any CPU.Build.0 = Release|Any CPU
	EndGlobalSection
	GlobalSection(SolutionProperties) = preSolution
		HideSolutionNode = FALSE
	EndGlobalSection
EndGlobal
